
Microsoft Visual Studio Solution File, Format Version 12.00
# Visual Studio Version 16
VisualStudioVersion = 16.0.30114.105
MinimumVisualStudioVersion = 10.0.40219.1
Project("{FAE04EC0-301F-11D3-BF4B-00C04F79EFBC}") = "PingService", "PingService\PingService.csproj", "{3C9ED467-B096-4CCF-8CB2-3ECA648F2858}"
EndProject
Project("{FAE04EC0-301F-11D3-BF4B-00C04F79EFBC}") = "PongService", "PongService\PongService.csproj", "{1B70554F-7BE8-45F4-AD9F-43F030E1EA6E}"
EndProject
Project("{FAE04EC0-301F-11D3-BF4B-00C04F79EFBC}") = "PlayService", "PlayService\PlayService.csproj", "{2B3D6A05-81DC-4085-AE8C-C6AF2B1C67BD}"
EndProject
Global
	GlobalSection(SolutionConfigurationPlatforms) = preSolution
		Debug|Any CPU = Debug|Any CPU
		Release|Any CPU = Release|Any CPU
	EndGlobalSection
	GlobalSection(SolutionProperties) = preSolution
		HideSolutionNode = FALSE
	EndGlobalSection
	GlobalSection(ProjectConfigurationPlatforms) = postSolution
		{3C9ED467-B096-4CCF-8CB2-3ECA648F2858}.Debug|Any CPU.ActiveCfg = Debug|Any CPU
		{3C9ED467-B096-4CCF-8CB2-3ECA648F2858}.Debug|Any CPU.Build.0 = Debug|Any CPU
		{3C9ED467-B096-4CCF-8CB2-3ECA648F2858}.Release|Any CPU.ActiveCfg = Release|Any CPU
		{3C9ED467-B096-4CCF-8CB2-3ECA648F2858}.Release|Any CPU.Build.0 = Release|Any CPU
		{1B70554F-7BE8-45F4-AD9F-43F030E1EA6E}.Debug|Any CPU.ActiveCfg = Debug|Any CPU
		{1B70554F-7BE8-45F4-AD9F-43F030E1EA6E}.Debug|Any CPU.Build.0 = Debug|Any CPU
		{1B70554F-7BE8-45F4-AD9F-43F030E1EA6E}.Release|Any CPU.ActiveCfg = Release|Any CPU
		{1B70554F-7BE8-45F4-AD9F-43F030E1EA6E}.Release|Any CPU.Build.0 = Release|Any CPU
		{2B3D6A05-81DC-4085-AE8C-C6AF2B1C67BD}.Debug|Any CPU.ActiveCfg = Debug|Any CPU
		{2B3D6A05-81DC-4085-AE8C-C6AF2B1C67BD}.Debug|Any CPU.Build.0 = Debug|Any CPU
		{2B3D6A05-81DC-4085-AE8C-C6AF2B1C67BD}.Release|Any CPU.ActiveCfg = Release|Any CPU
		{2B3D6A05-81DC-4085-AE8C-C6AF2B1C67BD}.Release|Any CPU.Build.0 = Release|Any CPU
	EndGlobalSection
EndGlobal
